
Microsoft Visual Studio Solution File, Format Version 12.00
# Visual Studio Version 16
VisualStudioVersion = 16.6.30114.105
MinimumVisualStudioVersion = 10.0.40219.1
Project("{2150E333-8FDC-42A3-9474-1A3956D46DE8}") = "src", "src", "{5E9E9C0A-D5A7-4443-9D68-339DD4586870}"
EndProject
Project("{FAE04EC0-301F-11D3-BF4B-00C04F79EFBC}") = "World", "src\World\World.csproj", "{3235697E-DD21-437E-AF4B-F9524E9A47B8}"
EndProject
Project("{2150E333-8FDC-42A3-9474-1A3956D46DE8}") = "test", "test", "{EF3D415C-E09E-4AAC-AB71-9B2E2773DC98}"
EndProject
Project("{FAE04EC0-301F-11D3-BF4B-00C04F79EFBC}") = "World.Test", "test\World.Test\World.Test.csproj", "{14070A46-A855-4984-BF02-1E8290A7921A}"
EndProject
Project("{FAE04EC0-301F-11D3-BF4B-00C04F79EFBC}") = "World.Crosscutting", "src\World.Crosscutting\World.Crosscutting.csproj", "{BB58BDC9-9E0B-4E17-A5AA-C927E8ACBD10}"
EndProject
Project("{FAE04EC0-301F-11D3-BF4B-00C04F79EFBC}") = "World.Domain", "src\World.Domain\World.Domain.csproj", "{41B8E557-57EB-4C26-9246-C04297A7357C}"
EndProject
Project("{FAE04EC0-301F-11D3-BF4B-00C04F79EFBC}") = "World.Dto", "src\World.Dto\World.Dto.csproj", "{EBB309C0-BAE3-41EC-82D3-E5C612DA1235}"
EndProject
Project("{FAE04EC0-301F-11D3-BF4B-00C04F79EFBC}") = "World.Domain.Services", "src\World.Domain.Services\World.Domain.Services.csproj", "{14AE1EFF-BE15-4F98-B4F7-5A121BA185F8}"
EndProject
Project("{FAE04EC0-301F-11D3-BF4B-00C04F79EFBC}") = "World.Infrastructure", "src\World.Infrastructure\World.Infrastructure.csproj", "{E0944E08-8D08-4760-813A-47B79CC7E857}"
EndProject
Global
	GlobalSection(SolutionConfigurationPlatforms) = preSolution
		Debug|Any CPU = Debug|Any CPU
		Debug|x64 = Debug|x64
		Debug|x86 = Debug|x86
		Release|Any CPU = Release|Any CPU
		Release|x64 = Release|x64
		Release|x86 = Release|x86
	EndGlobalSection
	GlobalSection(SolutionProperties) = preSolution
		HideSolutionNode = FALSE
	EndGlobalSection
	GlobalSection(ProjectConfigurationPlatforms) = postSolution
		{3235697E-DD21-437E-AF4B-F9524E9A47B8}.Debug|Any CPU.ActiveCfg = Debug|Any CPU
		{3235697E-DD21-437E-AF4B-F9524E9A47B8}.Debug|Any CPU.Build.0 = Debug|Any CPU
		{3235697E-DD21-437E-AF4B-F9524E9A47B8}.Debug|x64.ActiveCfg = Debug|Any CPU
		{3235697E-DD21-437E-AF4B-F9524E9A47B8}.Debug|x64.Build.0 = Debug|Any CPU
		{3235697E-DD21-437E-AF4B-F9524E9A47B8}.Debug|x86.ActiveCfg = Debug|Any CPU
		{3235697E-DD21-437E-AF4B-F9524E9A47B8}.Debug|x86.Build.0 = Debug|Any CPU
		{3235697E-DD21-437E-AF4B-F9524E9A47B8}.Release|Any CPU.ActiveCfg = Release|Any CPU
		{3235697E-DD21-437E-AF4B-F9524E9A47B8}.Release|Any CPU.Build.0 = Release|Any CPU
		{3235697E-DD21-437E-AF4B-F9524E9A47B8}.Release|x64.ActiveCfg = Release|Any CPU
		{3235697E-DD21-437E-AF4B-F9524E9A47B8}.Release|x64.Build.0 = Release|Any CPU
		{3235697E-DD21-437E-AF4B-F9524E9A47B8}.Release|x86.ActiveCfg = Release|Any CPU
		{3235697E-DD21-437E-AF4B-F9524E9A47B8}.Release|x86.Build.0 = Release|Any CPU
		{14070A46-A855-4984-BF02-1E8290A7921A}.Debug|Any CPU.ActiveCfg = Debug|Any CPU
		{14070A46-A855-4984-BF02-1E8290A7921A}.Debug|Any CPU.Build.0 = Debug|Any CPU
		{14070A46-A855-4984-BF02-1E8290A7921A}.Debug|x64.ActiveCfg = Debug|Any CPU
		{14070A46-A855-4984-BF02-1E8290A7921A}.Debug|x64.Build.0 = Debug|Any CPU
		{14070A46-A855-4984-BF02-1E8290A7921A}.Debug|x86.ActiveCfg = Debug|Any CPU
		{14070A46-A855-4984-BF02-1E8290A7921A}.Debug|x86.Build.0 = Debug|Any CPU
		{14070A46-A855-4984-BF02-1E8290A7921A}.Release|Any CPU.ActiveCfg = Release|Any CPU
		{14070A46-A855-4984-BF02-1E8290A7921A}.Release|Any CPU.Build.0 = Release|Any CPU
		{14070A46-A855-4984-BF02-1E8290A7921A}.Release|x64.ActiveCfg = Release|Any CPU
		{14070A46-A855-4984-BF02-1E8290A7921A}.Release|x64.Build.0 = Release|Any CPU
		{14070A46-A855-4984-BF02-1E8290A7921A}.Release|x86.ActiveCfg = Release|Any CPU
		{14070A46-A855-4984-BF02-1E8290A7921A}.Release|x86.Build.0 = Release|Any CPU
		{BB58BDC9-9E0B-4E17-A5AA-C927E8ACBD10}.Debug|Any CPU.ActiveCfg = Debug|Any CPU
		{BB58BDC9-9E0B-4E17-A5AA-C927E8ACBD10}.Debug|Any CPU.Build.0 = Debug|Any CPU
		{BB58BDC9-9E0B-4E17-A5AA-C927E8ACBD10}.Debug|x64.ActiveCfg = Debug|Any CPU
		{BB58BDC9-9E0B-4E17-A5AA-C927E8ACBD10}.Debug|x64.Build.0 = Debug|Any CPU
		{BB58BDC9-9E0B-4E17-A5AA-C927E8ACBD10}.Debug|x86.ActiveCfg = Debug|Any CPU
		{BB58BDC9-9E0B-4E17-A5AA-C927E8ACBD10}.Debug|x86.Build.0 = Debug|Any CPU
		{BB58BDC9-9E0B-4E17-A5AA-C927E8ACBD10}.Release|Any CPU.ActiveCfg = Release|Any CPU
		{BB58BDC9-9E0B-4E17-A5AA-C927E8ACBD10}.Release|Any CPU.Build.0 = Release|Any CPU
		{BB58BDC9-9E0B-4E17-A5AA-C927E8ACBD10}.Release|x64.ActiveCfg = Release|Any CPU
		{BB58BDC9-9E0B-4E17-A5AA-C927E8ACBD10}.Release|x64.Build.0 = Release|Any CPU
		{BB58BDC9-9E0B-4E17-A5AA-C927E8ACBD10}.Release|x86.ActiveCfg = Release|Any CPU
		{BB58BDC9-9E0B-4E17-A5AA-C927E8ACBD10}.Release|x86.Build.0 = Release|Any CPU
		{41B8E557-57EB-4C26-9246-C04297A7357C}.Debug|Any CPU.ActiveCfg = Debug|Any CPU
		{41B8E557-57EB-4C26-9246-C04297A7357C}.Debug|Any CPU.Build.0 = Debug|Any CPU
		{41B8E557-57EB-4C26-9246-C04297A7357C}.Debug|x64.ActiveCfg = Debug|Any CPU
		{41B8E557-57EB-4C26-9246-C04297A7357C}.Debug|x64.Build.0 = Debug|Any CPU
		{41B8E557-57EB-4C26-9246-C04297A7357C}.Debug|x86.ActiveCfg = Debug|Any CPU
		{41B8E557-57EB-4C26-9246-C04297A7357C}.Debug|x86.Build.0 = Debug|Any CPU
		{41B8E557-57EB-4C26-9246-C04297A7357C}.Release|Any CPU.ActiveCfg = Release|Any CPU
		{41B8E557-57EB-4C26-9246-C04297A7357C}.Release|Any CPU.Build.0 = Release|Any CPU
		{41B8E557-57EB-4C26-9246-C04297A7357C}.Release|x64.ActiveCfg = Release|Any CPU
		{41B8E557-57EB-4C26-9246-C04297A7357C}.Release|x64.Build.0 = Release|Any CPU
		{41B8E557-57EB-4C26-9246-C04297A7357C}.Release|x86.ActiveCfg = Release|Any CPU
		{41B8E557-57EB-4C26-9246-C04297A7357C}.Release|x86.Build.0 = Release|Any CPU
		{EBB309C0-BAE3-41EC-82D3-E5C612DA1235}.Debug|Any CPU.ActiveCfg = Debug|Any CPU
		{EBB309C0-BAE3-41EC-82D3-E5C612DA1235}.Debug|Any CPU.Build.0 = Debug|Any CPU
		{EBB309C0-BAE3-41EC-82D3-E5C612DA1235}.Debug|x64.ActiveCfg = Debug|Any CPU
		{EBB309C0-BAE3-41EC-82D3-E5C612DA1235}.Debug|x64.Build.0 = Debug|Any CPU
		{EBB309C0-BAE3-41EC-82D3-E5C612DA1235}.Debug|x86.ActiveCfg = Debug|Any CPU
		{EBB309C0-BAE3-41EC-82D3-E5C612DA1235}.Debug|x86.Build.0 = Debug|Any CPU
		{EBB309C0-BAE3-41EC-82D3-E5C612DA1235}.Release|Any CPU.ActiveCfg = Release|Any CPU
		{EBB309C0-BAE3-41EC-82D3-E5C612DA1235}.Release|Any CPU.Build.0 = Release|Any CPU
		{EBB309C0-BAE3-41EC-82D3-E5C612DA1235}.Release|x64.ActiveCfg = Release|Any CPU
		{EBB309C0-BAE3-41EC-82D3-E5C612DA1235}.Release|x64.Build.0 = Release|Any CPU
		{EBB309C0-BAE3-41EC-82D3-E5C612DA1235}.Release|x86.ActiveCfg = Release|Any CPU
		{EBB309C0-BAE3-41EC-82D3-E5C612DA1235}.Release|x86.Build.0 = Release|Any CPU
		{14AE1EFF-BE15-4F98-B4F7-5A121BA185F8}.Debug|Any CPU.ActiveCfg = Debug|Any CPU
		{14AE1EFF-BE15-4F98-B4F7-5A121BA185F8}.Debug|Any CPU.Build.0 = Debug|Any CPU
		{14AE1EFF-BE15-4F98-B4F7-5A121BA185F8}.Debug|x64.ActiveCfg = Debug|Any CPU
		{14AE1EFF-BE15-4F98-B4F7-5A121BA185F8}.Debug|x64.Build.0 = Debug|Any CPU
		{14AE1EFF-BE15-4F98-B4F7-5A121BA185F8}.Debug|x86.ActiveCfg = Debug|Any CPU
		{14AE1EFF-BE15-4F98-B4F7-5A121BA185F8}.Debug|x86.Build.0 = Debug|Any CPU
		{14AE1EFF-BE15-4F98-B4F7-5A121BA185F8}.Release|Any CPU.ActiveCfg = Release|Any CPU
		{14AE1EFF-BE15-4F98-B4F7-5A121BA185F8}.Release|Any CPU.Build.0 = Release|Any CPU
		{14AE1EFF-BE15-4F98-B4F7-5A121BA185F8}.Release|x64.ActiveCfg = Release|Any CPU
		{14AE1EFF-BE15-4F98-B4F7-5A121BA185F8}.Release|x64.Build.0 = Release|Any CPU
		{14AE1EFF-BE15-4F98-B4F7-5A121BA185F8}.Release|x86.ActiveCfg = Release|Any CPU
		{14AE1EFF-BE15-4F98-B4F7-5A121BA185F8}.Release|x86.Build.0 = Release|Any CPU
		{E0944E08-8D08-4760-813A-47B79CC7E857}.Debug|Any CPU.ActiveCfg = Debug|Any CPU
		{E0944E08-8D08-4760-813A-47B79CC7E857}.Debug|Any CPU.Build.0 = Debug|Any CPU
		{E0944E08-8D08-4760-813A-47B79CC7E857}.Debug|x64.ActiveCfg = Debug|Any CPU
		{E0944E08-8D08-4760-813A-47B79CC7E857}.Debug|x64.Build.0 = Debug|Any CPU
		{E0944E08-8D08-4760-813A-47B79CC7E857}.Debug|x86.ActiveCfg = Debug|Any CPU
		{E0944E08-8D08-4760-813A-47B79CC7E857}.Debug|x86.Build.0 = Debug|Any CPU
		{E0944E08-8D08-4760-813A-47B79CC7E857}.Release|Any CPU.ActiveCfg = Release|Any CPU
		{E0944E08-8D08-4760-813A-47B79CC7E857}.Release|Any CPU.Build.0 = Release|Any CPU
		{E0944E08-8D08-4760-813A-47B79CC7E857}.Release|x64.ActiveCfg = Release|Any CPU
		{E0944E08-8D08-4760-813A-47B79CC7E857}.Release|x64.Build.0 = Release|Any CPU
		{E0944E08-8D08-4760-813A-47B79CC7E857}.Release|x86.ActiveCfg = Release|Any CPU
		{E0944E08-8D08-4760-813A-47B79CC7E857}.Release|x86.Build.0 = Release|Any CPU
	EndGlobalSection
	GlobalSection(NestedProjects) = preSolution
		{3235697E-DD21-437E-AF4B-F9524E9A47B8} = {5E9E9C0A-D5A7-4443-9D68-339DD4586870}
		{14070A46-A855-4984-BF02-1E8290A7921A} = {EF3D415C-E09E-4AAC-AB71-9B2E2773DC98}
		{BB58BDC9-9E0B-4E17-A5AA-C927E8ACBD10} = {5E9E9C0A-D5A7-4443-9D68-339DD4586870}
		{41B8E557-57EB-4C26-9246-C04297A7357C} = {5E9E9C0A-D5A7-4443-9D68-339DD4586870}
		{EBB309C0-BAE3-41EC-82D3-E5C612DA1235} = {5E9E9C0A-D5A7-4443-9D68-339DD4586870}
		{14AE1EFF-BE15-4F98-B4F7-5A121BA185F8} = {5E9E9C0A-D5A7-4443-9D68-339DD4586870}
		{E0944E08-8D08-4760-813A-47B79CC7E857} = {5E9E9C0A-D5A7-4443-9D68-339DD4586870}
	EndGlobalSection
EndGlobal
